# This file is automatically @generated by Cargo.
# It is not intended for manual editing.
version = 4

[[package]]
name = "cfd-toolbox-non-uniform"
version = "0.1.0"
dependencies = [
 "komainu",
]

[[package]]
name = "komainu"
version = "0.1.0"
source = "git+https://github.com/NaokiHori/Komainu#f0f8794d0b1dd8d9e7264a05d3596afefa294a6f"
