# This file is automatically @generated by Cargo.
# It is not intended for manual editing.
version = 4

[[package]]
name = "cfd-toolbox-immersed-boundary-hori2022"
version = "0.1.0"
dependencies = [
 "komainu",
]

[[package]]
name = "komainu"
version = "0.1.0"
source = "git+https://github.com/NaokiHori/Komainu#26deef256bd8e31a5d9265e5311465085f61b51a"
